
Microsoft Visual Studio Solution File, Format Version 12.00
# Visual Studio Version 16
VisualStudioVersion = 16.0.30804.86
MinimumVisualStudioVersion = 10.0.40219.1
Project("{8BC9CEB8-8B4A-11D0-8D11-00A0C91BC942}") = "22_HTML", "22_HTML\22_HTML.vcxproj", "{0C6F28BB-B01C-42B2-BE8D-A716EFA03A73}"
EndProject
Global
	GlobalSection(SolutionConfigurationPlatforms) = preSolution
		Debug|x64 = Debug|x64
		Debug|x86 = Debug|x86
		Release|x64 = Release|x64
		Release|x86 = Release|x86
	EndGlobalSection
	GlobalSection(ProjectConfigurationPlatforms) = postSolution
		{0C6F28BB-B01C-42B2-BE8D-A716EFA03A73}.Debug|x64.ActiveCfg = Debug|x64
		{0C6F28BB-B01C-42B2-BE8D-A716EFA03A73}.Debug|x64.Build.0 = Debug|x64
		{0C6F28BB-B01C-42B2-BE8D-A716EFA03A73}.Debug|x86.ActiveCfg = Debug|Win32
		{0C6F28BB-B01C-42B2-BE8D-A716EFA03A73}.Debug|x86.Build.0 = Debug|Win32
		{0C6F28BB-B01C-42B2-BE8D-A716EFA03A73}.Release|x64.ActiveCfg = Release|x64
		{0C6F28BB-B01C-42B2-BE8D-A716EFA03A73}.Release|x64.Build.0 = Release|x64
		{0C6F28BB-B01C-42B2-BE8D-A716EFA03A73}.Release|x86.ActiveCfg = Release|Win32
		{0C6F28BB-B01C-42B2-BE8D-A716EFA03A73}.Release|x86.Build.0 = Release|Win32
	EndGlobalSection
	GlobalSection(SolutionProperties) = preSolution
		HideSolutionNode = FALSE
	EndGlobalSection
	GlobalSection(ExtensibilityGlobals) = postSolution
		SolutionGuid = {B6C22A24-E2AB-4E90-8C73-FEC133F53912}
	EndGlobalSection
EndGlobal
