
Microsoft Visual Studio Solution File, Format Version 12.00
# Visual Studio Version 16
VisualStudioVersion = 16.0.31402.337
MinimumVisualStudioVersion = 10.0.40219.1
Project("{8BC9CEB8-8B4A-11D0-8D11-00A0C91BC942}") = "25_Search_patron", "25_Search_patron\25_Search_patron.vcxproj", "{D1E6AF6E-6381-4F33-BFAF-DA6C44303432}"
EndProject
Global
	GlobalSection(SolutionConfigurationPlatforms) = preSolution
		Debug|x64 = Debug|x64
		Debug|x86 = Debug|x86
		Release|x64 = Release|x64
		Release|x86 = Release|x86
	EndGlobalSection
	GlobalSection(ProjectConfigurationPlatforms) = postSolution
		{D1E6AF6E-6381-4F33-BFAF-DA6C44303432}.Debug|x64.ActiveCfg = Debug|x64
		{D1E6AF6E-6381-4F33-BFAF-DA6C44303432}.Debug|x64.Build.0 = Debug|x64
		{D1E6AF6E-6381-4F33-BFAF-DA6C44303432}.Debug|x86.ActiveCfg = Debug|Win32
		{D1E6AF6E-6381-4F33-BFAF-DA6C44303432}.Debug|x86.Build.0 = Debug|Win32
		{D1E6AF6E-6381-4F33-BFAF-DA6C44303432}.Release|x64.ActiveCfg = Release|x64
		{D1E6AF6E-6381-4F33-BFAF-DA6C44303432}.Release|x64.Build.0 = Release|x64
		{D1E6AF6E-6381-4F33-BFAF-DA6C44303432}.Release|x86.ActiveCfg = Release|Win32
		{D1E6AF6E-6381-4F33-BFAF-DA6C44303432}.Release|x86.Build.0 = Release|Win32
	EndGlobalSection
	GlobalSection(SolutionProperties) = preSolution
		HideSolutionNode = FALSE
	EndGlobalSection
	GlobalSection(ExtensibilityGlobals) = postSolution
		SolutionGuid = {FD886D0C-2D43-41A1-BEC0-A923DF0E1F31}
	EndGlobalSection
EndGlobal
