
Microsoft Visual Studio Solution File, Format Version 12.00
# Visual Studio Version 16
VisualStudioVersion = 16.0.30011.22
MinimumVisualStudioVersion = 10.0.40219.1
Project("{8BC9CEB8-8B4A-11D0-8D11-00A0C91BC942}") = "20_Duplicar_con_iterador", "20_Duplicar_con_iterador\20_Duplicar_con_iterador.vcxproj", "{C27D1DD6-B237-4F52-9135-C85E26B296DE}"
EndProject
Global
	GlobalSection(SolutionConfigurationPlatforms) = preSolution
		Debug|x64 = Debug|x64
		Debug|x86 = Debug|x86
		Release|x64 = Release|x64
		Release|x86 = Release|x86
	EndGlobalSection
	GlobalSection(ProjectConfigurationPlatforms) = postSolution
		{C27D1DD6-B237-4F52-9135-C85E26B296DE}.Debug|x64.ActiveCfg = Debug|x64
		{C27D1DD6-B237-4F52-9135-C85E26B296DE}.Debug|x64.Build.0 = Debug|x64
		{C27D1DD6-B237-4F52-9135-C85E26B296DE}.Debug|x86.ActiveCfg = Debug|Win32
		{C27D1DD6-B237-4F52-9135-C85E26B296DE}.Debug|x86.Build.0 = Debug|Win32
		{C27D1DD6-B237-4F52-9135-C85E26B296DE}.Release|x64.ActiveCfg = Release|x64
		{C27D1DD6-B237-4F52-9135-C85E26B296DE}.Release|x64.Build.0 = Release|x64
		{C27D1DD6-B237-4F52-9135-C85E26B296DE}.Release|x86.ActiveCfg = Release|Win32
		{C27D1DD6-B237-4F52-9135-C85E26B296DE}.Release|x86.Build.0 = Release|Win32
	EndGlobalSection
	GlobalSection(SolutionProperties) = preSolution
		HideSolutionNode = FALSE
	EndGlobalSection
	GlobalSection(ExtensibilityGlobals) = postSolution
		SolutionGuid = {02C88B3A-015E-4D61-A824-D052711200C4}
	EndGlobalSection
EndGlobal
